
Microsoft Visual Studio Solution File, Format Version 10.00
# Visual Studio 2008
Project("{2150E333-8FDC-42A3-9474-1A3956D46DE8}") = "examples", "examples", "{24FDF387-A6A4-4153-88E3-76C2D077804C}"
EndProject
Project("{2150E333-8FDC-42A3-9474-1A3956D46DE8}") = "library", "library", "{C9E28A89-76CB-4633-A432-0B67ED1049E8}"
EndProject
Project("{2150E333-8FDC-42A3-9474-1A3956D46DE8}") = "xdbcImpl", "xdbcImpl", "{CAFB7CF0-7837-4B9B-A435-BC7B14F57A26}"
EndProject
Project("{8BC9CEB8-8B4A-11D0-8D11-00A0C91BC942}") = "libwiport", "library\libwiport.vcproj", "{C2899B1F-3D1A-4EC9-A3AC-EA1DC3700AE2}"
EndProject
Project("{8BC9CEB8-8B4A-11D0-8D11-00A0C91BC942}") = "libwisocket", "library\libwisocket.vcproj", "{59E70CB3-4A9A-46A6-836A-F5685CAC37EE}"
	ProjectSection(ProjectDependencies) = postProject
		{C2899B1F-3D1A-4EC9-A3AC-EA1DC3700AE2} = {C2899B1F-3D1A-4EC9-A3AC-EA1DC3700AE2}
	EndProjectSection
EndProject
Project("{8BC9CEB8-8B4A-11D0-8D11-00A0C91BC942}") = "libwixdbc", "library\libwixdbc.vcproj", "{73EDDA99-DFCF-49E1-9A81-EA8515ED02F5}"
	ProjectSection(ProjectDependencies) = postProject
		{C2899B1F-3D1A-4EC9-A3AC-EA1DC3700AE2} = {C2899B1F-3D1A-4EC9-A3AC-EA1DC3700AE2}
	EndProjectSection
EndProject
Project("{8BC9CEB8-8B4A-11D0-8D11-00A0C91BC942}") = "libxdbc_oracle_oci", "xdbcImpl\libxdbc_oracle_oci.vcproj", "{9C84D6A6-5E11-4C69-A18F-D4FE11DC464C}"
	ProjectSection(ProjectDependencies) = postProject
		{C2899B1F-3D1A-4EC9-A3AC-EA1DC3700AE2} = {C2899B1F-3D1A-4EC9-A3AC-EA1DC3700AE2}
		{73EDDA99-DFCF-49E1-9A81-EA8515ED02F5} = {73EDDA99-DFCF-49E1-9A81-EA8515ED02F5}
	EndProjectSection
EndProject
Project("{8BC9CEB8-8B4A-11D0-8D11-00A0C91BC942}") = "PortSuite", "examples\CoreSuite.vcproj", "{8FCA7E7B-D8D1-4F43-B2FC-F4E4285288AC}"
	ProjectSection(ProjectDependencies) = postProject
		{C2899B1F-3D1A-4EC9-A3AC-EA1DC3700AE2} = {C2899B1F-3D1A-4EC9-A3AC-EA1DC3700AE2}
	EndProjectSection
EndProject
Project("{8BC9CEB8-8B4A-11D0-8D11-00A0C91BC942}") = "SocketSuite", "examples\SocketSuite.vcproj", "{71D2AC1C-4226-4290-9A47-439A9457E66D}"
	ProjectSection(ProjectDependencies) = postProject
		{C2899B1F-3D1A-4EC9-A3AC-EA1DC3700AE2} = {C2899B1F-3D1A-4EC9-A3AC-EA1DC3700AE2}
		{59E70CB3-4A9A-46A6-836A-F5685CAC37EE} = {59E70CB3-4A9A-46A6-836A-F5685CAC37EE}
	EndProjectSection
EndProject
Project("{8BC9CEB8-8B4A-11D0-8D11-00A0C91BC942}") = "XdbcSuite", "examples\XdbcSuite.vcproj", "{756065F2-8AAD-4EDF-B60B-0593F1D873BE}"
	ProjectSection(ProjectDependencies) = postProject
		{C2899B1F-3D1A-4EC9-A3AC-EA1DC3700AE2} = {C2899B1F-3D1A-4EC9-A3AC-EA1DC3700AE2}
		{73EDDA99-DFCF-49E1-9A81-EA8515ED02F5} = {73EDDA99-DFCF-49E1-9A81-EA8515ED02F5}
	EndProjectSection
EndProject
Global
	GlobalSection(SolutionConfigurationPlatforms) = preSolution
		Debug|Win32 = Debug|Win32
		Debug|x64 = Debug|x64
		Release|Win32 = Release|Win32
		Release|x64 = Release|x64
	EndGlobalSection
	GlobalSection(ProjectConfigurationPlatforms) = postSolution
		{C2899B1F-3D1A-4EC9-A3AC-EA1DC3700AE2}.Debug|Win32.ActiveCfg = Debug|Win32
		{C2899B1F-3D1A-4EC9-A3AC-EA1DC3700AE2}.Debug|Win32.Build.0 = Debug|Win32
		{C2899B1F-3D1A-4EC9-A3AC-EA1DC3700AE2}.Debug|x64.ActiveCfg = Debug|x64
		{C2899B1F-3D1A-4EC9-A3AC-EA1DC3700AE2}.Debug|x64.Build.0 = Debug|x64
		{C2899B1F-3D1A-4EC9-A3AC-EA1DC3700AE2}.Release|Win32.ActiveCfg = Release|Win32
		{C2899B1F-3D1A-4EC9-A3AC-EA1DC3700AE2}.Release|Win32.Build.0 = Release|Win32
		{C2899B1F-3D1A-4EC9-A3AC-EA1DC3700AE2}.Release|x64.ActiveCfg = Release|x64
		{C2899B1F-3D1A-4EC9-A3AC-EA1DC3700AE2}.Release|x64.Build.0 = Release|x64
		{59E70CB3-4A9A-46A6-836A-F5685CAC37EE}.Debug|Win32.ActiveCfg = Debug|Win32
		{59E70CB3-4A9A-46A6-836A-F5685CAC37EE}.Debug|Win32.Build.0 = Debug|Win32
		{59E70CB3-4A9A-46A6-836A-F5685CAC37EE}.Debug|x64.ActiveCfg = Debug|x64
		{59E70CB3-4A9A-46A6-836A-F5685CAC37EE}.Debug|x64.Build.0 = Debug|x64
		{59E70CB3-4A9A-46A6-836A-F5685CAC37EE}.Release|Win32.ActiveCfg = Release|Win32
		{59E70CB3-4A9A-46A6-836A-F5685CAC37EE}.Release|Win32.Build.0 = Release|Win32
		{59E70CB3-4A9A-46A6-836A-F5685CAC37EE}.Release|x64.ActiveCfg = Release|x64
		{59E70CB3-4A9A-46A6-836A-F5685CAC37EE}.Release|x64.Build.0 = Release|x64
		{73EDDA99-DFCF-49E1-9A81-EA8515ED02F5}.Debug|Win32.ActiveCfg = Debug|Win32
		{73EDDA99-DFCF-49E1-9A81-EA8515ED02F5}.Debug|Win32.Build.0 = Debug|Win32
		{73EDDA99-DFCF-49E1-9A81-EA8515ED02F5}.Debug|x64.ActiveCfg = Debug|x64
		{73EDDA99-DFCF-49E1-9A81-EA8515ED02F5}.Debug|x64.Build.0 = Debug|x64
		{73EDDA99-DFCF-49E1-9A81-EA8515ED02F5}.Release|Win32.ActiveCfg = Release|Win32
		{73EDDA99-DFCF-49E1-9A81-EA8515ED02F5}.Release|Win32.Build.0 = Release|Win32
		{73EDDA99-DFCF-49E1-9A81-EA8515ED02F5}.Release|x64.ActiveCfg = Release|x64
		{73EDDA99-DFCF-49E1-9A81-EA8515ED02F5}.Release|x64.Build.0 = Release|x64
		{9C84D6A6-5E11-4C69-A18F-D4FE11DC464C}.Debug|Win32.ActiveCfg = Debug|Win32
		{9C84D6A6-5E11-4C69-A18F-D4FE11DC464C}.Debug|Win32.Build.0 = Debug|Win32
		{9C84D6A6-5E11-4C69-A18F-D4FE11DC464C}.Debug|x64.ActiveCfg = Debug|x64
		{9C84D6A6-5E11-4C69-A18F-D4FE11DC464C}.Debug|x64.Build.0 = Debug|x64
		{9C84D6A6-5E11-4C69-A18F-D4FE11DC464C}.Release|Win32.ActiveCfg = Release|Win32
		{9C84D6A6-5E11-4C69-A18F-D4FE11DC464C}.Release|Win32.Build.0 = Release|Win32
		{9C84D6A6-5E11-4C69-A18F-D4FE11DC464C}.Release|x64.ActiveCfg = Release|x64
		{9C84D6A6-5E11-4C69-A18F-D4FE11DC464C}.Release|x64.Build.0 = Release|x64
		{8FCA7E7B-D8D1-4F43-B2FC-F4E4285288AC}.Debug|Win32.ActiveCfg = Debug|Win32
		{8FCA7E7B-D8D1-4F43-B2FC-F4E4285288AC}.Debug|Win32.Build.0 = Debug|Win32
		{8FCA7E7B-D8D1-4F43-B2FC-F4E4285288AC}.Debug|x64.ActiveCfg = Debug|x64
		{8FCA7E7B-D8D1-4F43-B2FC-F4E4285288AC}.Debug|x64.Build.0 = Debug|x64
		{8FCA7E7B-D8D1-4F43-B2FC-F4E4285288AC}.Release|Win32.ActiveCfg = Release|Win32
		{8FCA7E7B-D8D1-4F43-B2FC-F4E4285288AC}.Release|Win32.Build.0 = Release|Win32
		{8FCA7E7B-D8D1-4F43-B2FC-F4E4285288AC}.Release|x64.ActiveCfg = Release|x64
		{71D2AC1C-4226-4290-9A47-439A9457E66D}.Debug|Win32.ActiveCfg = Debug|Win32
		{71D2AC1C-4226-4290-9A47-439A9457E66D}.Debug|Win32.Build.0 = Debug|Win32
		{71D2AC1C-4226-4290-9A47-439A9457E66D}.Debug|x64.ActiveCfg = Debug|x64
		{71D2AC1C-4226-4290-9A47-439A9457E66D}.Debug|x64.Build.0 = Debug|x64
		{71D2AC1C-4226-4290-9A47-439A9457E66D}.Release|Win32.ActiveCfg = Release|Win32
		{71D2AC1C-4226-4290-9A47-439A9457E66D}.Release|Win32.Build.0 = Release|Win32
		{71D2AC1C-4226-4290-9A47-439A9457E66D}.Release|x64.ActiveCfg = Release|x64
		{756065F2-8AAD-4EDF-B60B-0593F1D873BE}.Debug|Win32.ActiveCfg = Debug|Win32
		{756065F2-8AAD-4EDF-B60B-0593F1D873BE}.Debug|Win32.Build.0 = Debug|Win32
		{756065F2-8AAD-4EDF-B60B-0593F1D873BE}.Debug|x64.ActiveCfg = Debug|x64
		{756065F2-8AAD-4EDF-B60B-0593F1D873BE}.Debug|x64.Build.0 = Debug|x64
		{756065F2-8AAD-4EDF-B60B-0593F1D873BE}.Release|Win32.ActiveCfg = Release|Win32
		{756065F2-8AAD-4EDF-B60B-0593F1D873BE}.Release|Win32.Build.0 = Release|Win32
		{756065F2-8AAD-4EDF-B60B-0593F1D873BE}.Release|x64.ActiveCfg = Release|x64
	EndGlobalSection
	GlobalSection(SolutionProperties) = preSolution
		HideSolutionNode = FALSE
	EndGlobalSection
	GlobalSection(NestedProjects) = preSolution
		{8FCA7E7B-D8D1-4F43-B2FC-F4E4285288AC} = {24FDF387-A6A4-4153-88E3-76C2D077804C}
		{71D2AC1C-4226-4290-9A47-439A9457E66D} = {24FDF387-A6A4-4153-88E3-76C2D077804C}
		{756065F2-8AAD-4EDF-B60B-0593F1D873BE} = {24FDF387-A6A4-4153-88E3-76C2D077804C}
		{C2899B1F-3D1A-4EC9-A3AC-EA1DC3700AE2} = {C9E28A89-76CB-4633-A432-0B67ED1049E8}
		{59E70CB3-4A9A-46A6-836A-F5685CAC37EE} = {C9E28A89-76CB-4633-A432-0B67ED1049E8}
		{73EDDA99-DFCF-49E1-9A81-EA8515ED02F5} = {C9E28A89-76CB-4633-A432-0B67ED1049E8}
		{9C84D6A6-5E11-4C69-A18F-D4FE11DC464C} = {CAFB7CF0-7837-4B9B-A435-BC7B14F57A26}
	EndGlobalSection
EndGlobal
